
Microsoft Visual Studio Solution File, Format Version 12.00
# Visual Studio Version 17
VisualStudioVersion = 17.5.002.0
MinimumVisualStudioVersion = 10.0.40219.1
Project("{9A19103F-16F7-4668-BE54-9A1E7A4F7556}") = "CalculatorTest", "CalculatorTest.csproj", "{2D658508-B704-41BB-B72B-9E8064ECB4FE}"
EndProject
Global
	GlobalSection(SolutionConfigurationPlatforms) = preSolution
		Debug|Any CPU = Debug|Any CPU
		Release|Any CPU = Release|Any CPU
	EndGlobalSection
	GlobalSection(ProjectConfigurationPlatforms) = postSolution
		{2D658508-B704-41BB-B72B-9E8064ECB4FE}.Debug|Any CPU.ActiveCfg = Debug|Any CPU
		{2D658508-B704-41BB-B72B-9E8064ECB4FE}.Debug|Any CPU.Build.0 = Debug|Any CPU
		{2D658508-B704-41BB-B72B-9E8064ECB4FE}.Release|Any CPU.ActiveCfg = Release|Any CPU
		{2D658508-B704-41BB-B72B-9E8064ECB4FE}.Release|Any CPU.Build.0 = Release|Any CPU
	EndGlobalSection
	GlobalSection(SolutionProperties) = preSolution
		HideSolutionNode = FALSE
	EndGlobalSection
	GlobalSection(ExtensibilityGlobals) = postSolution
		SolutionGuid = {A15F7AF9-3EB8-4EF4-88F4-7F983FF2DCDF}
	EndGlobalSection
EndGlobal
